lockfileVersion: 5.3

specifiers:
  sass: ^1.51.0
  typescript: ^4.5.4
  vite: ^2.9.7

devDependencies:
  sass: 1.51.0
  typescript: 4.6.4
  vite: 2.9.9_sass@1.51.0

packages:

  /anymatch/3.1.2:
    resolution: {integrity: sha1-wFV8CWrzLxBhmPT04qODU343hxY=}
    engines: {node: '>= 8'}
    dependencies:
      normalize-path: 3.0.0
      picomatch: 2.3.1
    dev: true

  /binary-extensions/2.2.0:
    resolution: {integrity: sha1-dfUC7q+f/eQvyYgpZFvk6na9ni0=}
    engines: {node: '>=8'}
    dev: true

  /braces/3.0.2:
    resolution: {integrity: sha1-NFThpGLujVmeI23zNs2epPiv4Qc=}
    engines: {node: '>=8'}
    dependencies:
      fill-range: 7.0.1
    dev: true

  /chokidar/3.5.3:
    resolution: {integrity: sha1-HPN8hwe5Mr0a8a4iwEMuKs0ZA70=}
    engines: {node: '>= 8.10.0'}
    dependencies:
      anymatch: 3.1.2
      braces: 3.0.2
      glob-parent: 5.1.2
      is-binary-path: 2.1.0
      is-glob: 4.0.3
      normalize-path: 3.0.0
      readdirp: 3.6.0
    optionalDependencies:
      fsevents: 2.3.2
    dev: true

  /esbuild-android-64/0.14.39:
    resolution: {integrity: sha1-CfEqNy7tl0P9d/9tiJrBT3s0DCE=}
    engines: {node: '>=12'}
    cpu: [x64]
    os: [android]
    requiresBuild: true
    dev: true
    optional: true

  /esbuild-android-arm64/0.14.39:
    resolution: {integrity: sha1-9gjQDqA/4m87GrkqMPmSIDkPMHE=}
    engines: {node: '>=12'}
    cpu: [arm64]
    os: [android]
    requiresBuild: true
    dev: true
    optional: true

  /esbuild-darwin-64/0.14.39:
    resolution: {integrity: sha1-MVKNqnW0yTF3Ie3jRBlRY/rj4EE=}
    engines: {node: '>=12'}
    cpu: [x64]
    os: [darwin]
    requiresBuild: true
    dev: true
    optional: true

  /esbuild-darwin-arm64/0.14.39:
    resolution: {integrity: sha1-JH93DYbZCiFfoZTyT5DjCgvZckU=}
    engines: {node: '>=12'}
    cpu: [arm64]
    os: [darwin]
    requiresBuild: true
    dev: true
    optional: true

  /esbuild-freebsd-64/0.14.39:
    resolution: {integrity: sha1-R5QU0pSQUFXrOW6+RV7UIhMoTuA=}
    engines: {node: '>=12'}
    cpu: [x64]
    os: [freebsd]
    requiresBuild: true
    dev: true
    optional: true

  /esbuild-freebsd-arm64/0.14.39:
    resolution: {integrity: sha1-zt6xA1fIhTNhWSGudnpn3IcKR0w=}
    engines: {node: '>=12'}
    cpu: [arm64]
    os: [freebsd]
    requiresBuild: true
    dev: true
    optional: true

  /esbuild-linux-32/0.14.39:
    resolution: {integrity: sha1-2fAIxDItdx85WPWcHu5aBc35JIU=}
    engines: {node: '>=12'}
    cpu: [ia32]
    os: [linux]
    requiresBuild: true
    dev: true
    optional: true

  /esbuild-linux-64/0.14.39:
    resolution: {integrity: sha1-uljX9mhYkTrrGrXGveG72CRzF5U=}
    engines: {node: '>=12'}
    cpu: [x64]
    os: [linux]
    requiresBuild: true
    dev: true
    optional: true

  /esbuild-linux-arm/0.14.39:
    resolution: {integrity: sha1-Totd6qerYNDSj6sTEkTvgrQGhPQ=}
    engines: {node: '>=12'}
    cpu: [arm]
    os: [linux]
    requiresBuild: true
    dev: true
    optional: true

  /esbuild-linux-arm64/0.14.39:
    resolution: {integrity: sha1-cIeFowBycCtbHBa2XPnCXFEgJSk=}
    engines: {node: '>=12'}
    cpu: [arm64]
    os: [linux]
    requiresBuild: true
    dev: true
    optional: true

  /esbuild-linux-mips64le/0.14.39:
    resolution: {integrity: sha1-bzvzAj9xEITloegZBIfSAg858Pc=}
    engines: {node: '>=12'}
    cpu: [mips64el]
    os: [linux]
    requiresBuild: true
    dev: true
    optional: true

  /esbuild-linux-ppc64le/0.14.39:
    resolution: {integrity: sha1-kA5xik6j9q7d6EJIKO7v3UtI1Lk=}
    engines: {node: '>=12'}
    cpu: [ppc64]
    os: [linux]
    requiresBuild: true
    dev: true
    optional: true

  /esbuild-linux-riscv64/0.14.39:
    resolution: {integrity: sha1-3L/2Ivo3BHp10v96HY0pSdgCd+Q=}
    engines: {node: '>=12'}
    cpu: [riscv64]
    os: [linux]
    requiresBuild: true
    dev: true
    optional: true

  /esbuild-linux-s390x/0.14.39:
    resolution: {integrity: sha1-P3JaeUW0GUBsmdk3RLKFUlYdzf0=}
    engines: {node: '>=12'}
    cpu: [s390x]
    os: [linux]
    requiresBuild: true
    dev: true
    optional: true

  /esbuild-netbsd-64/0.14.39:
    resolution: {integrity: sha1-4Q5AtqdleYuQ1OuFkBzIXIt/+F4=}
    engines: {node: '>=12'}
    cpu: [x64]
    os: [netbsd]
    requiresBuild: true
    dev: true
    optional: true

  /esbuild-openbsd-64/0.14.39:
    resolution: {integrity: sha1-k17BQ/dc4QvZzbHIf+4AKH6w7bw=}
    engines: {node: '>=12'}
    cpu: [x64]
    os: [openbsd]
    requiresBuild: true
    dev: true
    optional: true

  /esbuild-sunos-64/0.14.39:
    resolution: {integrity: sha1-DnqoKwIqLm1VsGRnOLJYLC1yw8A=}
    engines: {node: '>=12'}
    cpu: [x64]
    os: [sunos]
    requiresBuild: true
    dev: true
    optional: true

  /esbuild-windows-32/0.14.39:
    resolution: {integrity: sha1-PxU4JB8xtThUX0tYQbJIysJg+jU=}
    engines: {node: '>=12'}
    cpu: [ia32]
    os: [win32]
    requiresBuild: true
    dev: true
    optional: true

  /esbuild-windows-64/0.14.39:
    resolution: {integrity: sha1-sQDFn5bTwtoueW5C/uSQDXVdPgM=}
    engines: {node: '>=12'}
    cpu: [x64]
    os: [win32]
    requiresBuild: true
    dev: true
    optional: true

  /esbuild-windows-arm64/0.14.39:
    resolution: {integrity: sha1-ACaFF+ZlszyJd41h8UTkJWs59jE=}
    engines: {node: '>=12'}
    cpu: [arm64]
    os: [win32]
    requiresBuild: true
    dev: true
    optional: true

  /esbuild/0.14.39:
    resolution: {integrity: sha1-ySayJZ/m9tOpT1KPtC4QPFptkJo=}
    engines: {node: '>=12'}
    hasBin: true
    requiresBuild: true
    optionalDependencies:
      esbuild-android-64: 0.14.39
      esbuild-android-arm64: 0.14.39
      esbuild-darwin-64: 0.14.39
      esbuild-darwin-arm64: 0.14.39
      esbuild-freebsd-64: 0.14.39
      esbuild-freebsd-arm64: 0.14.39
      esbuild-linux-32: 0.14.39
      esbuild-linux-64: 0.14.39
      esbuild-linux-arm: 0.14.39
      esbuild-linux-arm64: 0.14.39
      esbuild-linux-mips64le: 0.14.39
      esbuild-linux-ppc64le: 0.14.39
      esbuild-linux-riscv64: 0.14.39
      esbuild-linux-s390x: 0.14.39
      esbuild-netbsd-64: 0.14.39
      esbuild-openbsd-64: 0.14.39
      esbuild-sunos-64: 0.14.39
      esbuild-windows-32: 0.14.39
      esbuild-windows-64: 0.14.39
      esbuild-windows-arm64: 0.14.39
    dev: true

  /fill-range/7.0.1:
    resolution: {integrity: sha1-GRmmp8df44ssfHflGYU12prN2kA=}
    engines: {node: '>=8'}
    dependencies:
      to-regex-range: 5.0.1
    dev: true

  /fsevents/2.3.2:
    resolution: {integrity: sha1-ilJveLj99GI7cJ4Ll1xSwkwC/Ro=}
    engines: {node: ^8.16.0 || ^10.6.0 || >=11.0.0}
    os: [darwin]
    requiresBuild: true
    dev: true
    optional: true

  /function-bind/1.1.1:
    resolution: {integrity: sha1-pWiZ0+o8m6uHS7l3O3xe3pL0iV0=}
    dev: true

  /glob-parent/5.1.2:
    resolution: {integrity: sha1-hpgyxYA0/mikCTwX3BXoNA2EAcQ=}
    engines: {node: '>= 6'}
    dependencies:
      is-glob: 4.0.3
    dev: true

  /has/1.0.3:
    resolution: {integrity: sha1-ci18v8H2qoJB8W3YFOAR4fQeh5Y=}
    engines: {node: '>= 0.4.0'}
    dependencies:
      function-bind: 1.1.1
    dev: true

  /immutable/4.0.0:
    resolution: {integrity: sha1-uG943mre82CDle+yaakUYnl+LCM=}
    dev: true

  /is-binary-path/2.1.0:
    resolution: {integrity: sha1-6h9/O4DwZCNug0cPhsCcJU+0Wwk=}
    engines: {node: '>=8'}
    dependencies:
      binary-extensions: 2.2.0
    dev: true

  /is-core-module/2.9.0:
    resolution: {integrity: sha1-4cNEKc1Rxt2eCeB5njluJ7GanGk=}
    dependencies:
      has: 1.0.3
    dev: true

  /is-extglob/2.1.1:
    resolution: {integrity: sha1-qIwCU1eR8C7TfHahueqXc8gz+MI=}
    engines: {node: '>=0.10.0'}
    dev: true

  /is-glob/4.0.3:
    resolution: {integrity: sha1-ZPYeQsu7LuwgcanawLKLoeZdUIQ=}
    engines: {node: '>=0.10.0'}
    dependencies:
      is-extglob: 2.1.1
    dev: true

  /is-number/7.0.0:
    resolution: {integrity: sha1-dTU0W4lnNNX4DE0GxQlVUnoU8Ss=}
    engines: {node: '>=0.12.0'}
    dev: true

  /nanoid/3.3.4:
    resolution: {integrity: sha1-cwtn480J4t6s8DwCfIHJ2dvF6Ks=}
    engines: {node: ^10 || ^12 || ^13.7 || ^14 || >=15.0.1}
    hasBin: true
    dev: true

  /normalize-path/3.0.0:
    resolution: {integrity: sha1-Dc1p/yOhybEf0JeDFmRKA4ghamU=}
    engines: {node: '>=0.10.0'}
    dev: true

  /path-parse/1.0.7:
    resolution: {integrity: sha1-+8EUtgykKzDZ2vWFjkvWi77bZzU=}
    dev: true

  /picocolors/1.0.0:
    resolution: {integrity: sha1-y1vcdP8/UYkiNur3nWi8RFZKuBw=}
    dev: true

  /picomatch/2.3.1:
    resolution: {integrity: sha1-O6ODNzNkbZ0+SZWUbBNlpn+wekI=}
    engines: {node: '>=8.6'}
    dev: true

  /postcss/8.4.13:
    resolution: {integrity: sha1-fIe8Jo559/hlJCNYId/fn3Pl1XU=}
    engines: {node: ^10 || ^12 || >=14}
    dependencies:
      nanoid: 3.3.4
      picocolors: 1.0.0
      source-map-js: 1.0.2
    dev: true

  /readdirp/3.6.0:
    resolution: {integrity: sha1-dKNwvYVxFuJFspzJc0DNQxoCpsc=}
    engines: {node: '>=8.10.0'}
    dependencies:
      picomatch: 2.3.1
    dev: true

  /resolve/1.22.0:
    resolution: {integrity: sha1-XguMZ8Fd9XqJvbq+YDoALyFzEZg=}
    hasBin: true
    dependencies:
      is-core-module: 2.9.0
      path-parse: 1.0.7
      supports-preserve-symlinks-flag: 1.0.0
    dev: true

  /rollup/2.72.1:
    resolution: {integrity: sha1-hhyUeQU3sQAI8MoPvGDmMaq90EU=}
    engines: {node: '>=10.0.0'}
    hasBin: true
    optionalDependencies:
      fsevents: 2.3.2
    dev: true

  /sass/1.51.0:
    resolution: {integrity: sha1-Jeo2z4GVgf4f6DKejDpOqvcNKEU=}
    engines: {node: '>=12.0.0'}
    hasBin: true
    dependencies:
      chokidar: 3.5.3
      immutable: 4.0.0
      source-map-js: 1.0.2
    dev: true

  /source-map-js/1.0.2:
    resolution: {integrity: sha1-rbw2HZxi3zgBJefxYfccgm8eSQw=}
    engines: {node: '>=0.10.0'}
    dev: true

  /supports-preserve-symlinks-flag/1.0.0:
    resolution: {integrity: sha1-btpL00SjyUrqN21MwxvHcxEDngk=}
    engines: {node: '>= 0.4'}
    dev: true

  /to-regex-range/5.0.1:
    resolution: {integrity: sha1-FkjESq58jZiKMmAY7XL1tN0DkuQ=}
    engines: {node: '>=8.0'}
    dependencies:
      is-number: 7.0.0
    dev: true

  /typescript/4.6.4:
    resolution: {integrity: sha1-yqeLvDpZ5qXFENNXA/agmHfORek=}
    engines: {node: '>=4.2.0'}
    hasBin: true
    dev: true

  /vite/2.9.9_sass@1.51.0:
    resolution: {integrity: sha1-i1WJh9teYP7ewvSwA7cxZMsIHF4=}
    engines: {node: '>=12.2.0'}
    hasBin: true
    peerDependencies:
      less: '*'
      sass: '*'
      stylus: '*'
    peerDependenciesMeta:
      less:
        optional: true
      sass:
        optional: true
      stylus:
        optional: true
    dependencies:
      esbuild: 0.14.39
      postcss: 8.4.13
      resolve: 1.22.0
      rollup: 2.72.1
      sass: 1.51.0
    optionalDependencies:
      fsevents: 2.3.2
    dev: true
